
Microsoft Visual Studio Solution File, Format Version 12.00
# Visual Studio Version 16
VisualStudioVersion = 16.0.29503.13
MinimumVisualStudioVersion = 10.0.40219.1
Project("{2150E333-8FDC-42A3-9474-1A3956D46DE8}") = "Services", "Services", "{CBDC9178-16D1-4131-942E-9C6E544B9241}"
EndProject
Project("{2150E333-8FDC-42A3-9474-1A3956D46DE8}") = "ContactService", "ContactService", "{2A1D13F2-3E26-4381-BC92-7C732F69D87C}"
EndProject
Project("{2150E333-8FDC-42A3-9474-1A3956D46DE8}") = "TagService-ignore", "TagService-ignore", "{8C684B87-547F-4B12-9240-87A3AADFF685}"
EndProject
Project("{2150E333-8FDC-42A3-9474-1A3956D46DE8}") = "SchedulerService-ignore", "SchedulerService-ignore", "{9EEC81C3-B4D2-4CB0-B63E-A91B088DDF76}"
	ProjectSection(SolutionItems) = preProject
		ReadMe.txt = ReadMe.txt
	EndProjectSection
EndProject
Project("{9A19103F-16F7-4668-BE54-9A1E7A4F7556}") = "TagService.Api", "Services\TagService\TagService.Api\TagService.Api.csproj", "{B1C98454-DAC8-4C80-8D8E-7514E8B0BB43}"
EndProject
Project("{9A19103F-16F7-4668-BE54-9A1E7A4F7556}") = "TagService.Infrastructure", "Services\TagService\TagService.Infrastructure\TagService.Infrastructure.csproj", "{409AD1BA-09F4-47A3-82DA-4FCB8E7C42B2}"
EndProject
Project("{9A19103F-16F7-4668-BE54-9A1E7A4F7556}") = "TagService.Core", "Services\TagService\TagService.Core\TagService.Core.csproj", "{D8BE9262-9690-4DEF-92C1-D61922D22E9D}"
EndProject
Project("{9A19103F-16F7-4668-BE54-9A1E7A4F7556}") = "TagService.Application", "Services\TagService\TagService.Application\TagService.Application.csproj", "{50413BE2-362B-4A2F-97D1-DF2DB2B4C279}"
EndProject
Project("{9A19103F-16F7-4668-BE54-9A1E7A4F7556}") = "ContactService.Api", "Services\ContactService\ContactService.Api\ContactService.Api.csproj", "{6D06153A-3673-4E81-A6EF-42165DF4E8ED}"
EndProject
Project("{9A19103F-16F7-4668-BE54-9A1E7A4F7556}") = "ContactService.Application", "Services\ContactService\ContactService.Application\ContactService.Application.csproj", "{40C3CAC5-BA52-4857-BA97-D63C05456A3E}"
EndProject
Project("{9A19103F-16F7-4668-BE54-9A1E7A4F7556}") = "ContactService.Infrastructure", "Services\ContactService\ContactService.Infrastructure\ContactService.Infrastructure.csproj", "{F1DAA75A-00D6-47EE-9ADD-8C6A9B9B651B}"
EndProject
Project("{9A19103F-16F7-4668-BE54-9A1E7A4F7556}") = "ContactService.Core", "Services\ContactService\ContactService.Core\ContactService.Core.csproj", "{4E836645-3070-4DD2-B7D0-CE77223189F5}"
EndProject
Project("{2150E333-8FDC-42A3-9474-1A3956D46DE8}") = "NoteService", "NoteService", "{B5AEB0EB-6768-48CF-8C80-7FCE96B9636C}"
EndProject
Project("{9A19103F-16F7-4668-BE54-9A1E7A4F7556}") = "NoteService.Api", "Services\NoteService\NoteService.Api\NoteService.Api.csproj", "{FDB1F5B4-E74C-446F-9A17-88A04024289A}"
EndProject
Project("{9A19103F-16F7-4668-BE54-9A1E7A4F7556}") = "NoteService.Core", "Services\NoteService\NoteService.Core\NoteService.Core.csproj", "{B7B9D8D9-0E37-452C-85E6-4325688AD08F}"
EndProject
Project("{9A19103F-16F7-4668-BE54-9A1E7A4F7556}") = "NoteService.Infrastructure", "Services\NoteService\NoteService.Infrastructure\NoteService.Infrastructure.csproj", "{3C2CC85A-A6DC-4273-8F41-B12AF5F7E8FB}"
EndProject
Project("{9A19103F-16F7-4668-BE54-9A1E7A4F7556}") = "NoteService.Application", "Services\NoteService\NoteService.Application\NoteService.Application.csproj", "{17BAD21A-D515-481D-9A24-531E9013CDAF}"
EndProject
Project("{2150E333-8FDC-42A3-9474-1A3956D46DE8}") = "Common", "Common", "{042C8198-A1ED-4D29-AD4B-3C03B859DC32}"
EndProject
Project("{9A19103F-16F7-4668-BE54-9A1E7A4F7556}") = "MicroService.Common", "Common\MicroService.Common\MicroService.Common.csproj", "{1D186DE3-C1E7-49B0-A5C0-A4F726187743}"
EndProject
Project("{2150E333-8FDC-42A3-9474-1A3956D46DE8}") = "Infrastructure", "Infrastructure", "{9F8A1E56-FD2E-4164-B460-81FEE8577EB4}"
EndProject
Project("{9A19103F-16F7-4668-BE54-9A1E7A4F7556}") = "SimpleCRM.Infrastructure.MessageBroker.Nats", "Infrastructure\SimpleCRM.Infrastructure.MessageBroker.Nats\SimpleCRM.Infrastructure.MessageBroker.Nats.csproj", "{9C8CADB6-0BA1-4E41-926F-7EE2F31F961F}"
EndProject
Project("{9A19103F-16F7-4668-BE54-9A1E7A4F7556}") = "SimpleCRM.Infrastructure.MessageBroker", "Infrastructure\SimpleCRM.Infrastructure.MessageBroker\SimpleCRM.Infrastructure.MessageBroker.csproj", "{438EB20B-85E3-447A-943F-487AB9515215}"
EndProject
Project("{2150E333-8FDC-42A3-9474-1A3956D46DE8}") = "Gateways", "Gateways", "{728EFF25-D160-4139-B139-00168FEFF14C}"
EndProject
Project("{9A19103F-16F7-4668-BE54-9A1E7A4F7556}") = "MicroService.WebApi", "Common\MicroService.WebApi\MicroService.WebApi.csproj", "{385CEFD5-6C0C-4267-ABA4-D08F213B8BDD}"
EndProject
Project("{9A19103F-16F7-4668-BE54-9A1E7A4F7556}") = "SchedulerService.Infrastructure", "Services\ReminderService\ReminderService.Infrastructure\SchedulerService.Infrastructure.csproj", "{6B48D533-03B4-4878-8529-190D52C8EB27}"
EndProject
Project("{9A19103F-16F7-4668-BE54-9A1E7A4F7556}") = "SchedulerService.Core", "Services\ReminderService\ReminderService.Core\SchedulerService.Core.csproj", "{85F0A7A0-427B-480B-9328-ADC2287EEFCE}"
EndProject
Project("{9A19103F-16F7-4668-BE54-9A1E7A4F7556}") = "SchedulerService.Api", "Services\ReminderService\ReminderService.Api\SchedulerService.Api.csproj", "{673DDD7F-E47B-46A6-8FE7-E88D2CA84E36}"
EndProject
Project("{9A19103F-16F7-4668-BE54-9A1E7A4F7556}") = "SchedulerService.Application", "Services\ReminderService\ReminderService.Application\SchedulerService.Application.csproj", "{BC6797A5-0E9F-417F-A63E-2E67FC11CD11}"
EndProject
Project("{9A19103F-16F7-4668-BE54-9A1E7A4F7556}") = "MicroService.Core", "Common\MicroService.Core\MicroService.Core.csproj", "{1236331B-EE58-4FE8-85F9-6CE01BFA8785}"
EndProject
Project("{9A19103F-16F7-4668-BE54-9A1E7A4F7556}") = "MicroService.Infrastructure", "Common\MicroService.Infrastructure\MicroService.Infrastructure.csproj", "{147C5188-DC59-479B-A406-A49379BCCFEB}"
EndProject
Project("{9A19103F-16F7-4668-BE54-9A1E7A4F7556}") = "SimpleCRM.Gateway.Default", "Gateways\SimpleCRM.Gateway.Default\SimpleCRM.Gateway.Default.csproj", "{961A79C3-CB12-4136-BE5F-A018124D4F2B}"
EndProject
Project("{2150E333-8FDC-42A3-9474-1A3956D46DE8}") = "TenantService-ignore", "TenantService-ignore", "{B6C45F93-9C2A-46FD-8FC8-93F230E11522}"
EndProject
Project("{9A19103F-16F7-4668-BE54-9A1E7A4F7556}") = "TenantService.Api", "Services\TenantService\TenantService.Api\TenantService.Api.csproj", "{8CF5E511-ECF6-4FF6-9931-CBCC9E8DC593}"
EndProject
Project("{9A19103F-16F7-4668-BE54-9A1E7A4F7556}") = "TenantService.Core", "Services\TenantService\TenantService.Core\TenantService.Core.csproj", "{1A2EF359-388E-433E-AF45-7D1B2BFE03EC}"
EndProject
Project("{9A19103F-16F7-4668-BE54-9A1E7A4F7556}") = "TenantService.Application", "Services\TenantService\TenantService.Application\TenantService.Application.csproj", "{E3F683DB-4F84-4946-BF0E-E67FC645586B}"
EndProject
Project("{9A19103F-16F7-4668-BE54-9A1E7A4F7556}") = "TenantService.Infrastructure", "Services\TenantService\TenantService.Infrastructure\TenantService.Infrastructure.csproj", "{C260592C-4CEC-4CE7-A35F-388C91A5AFE5}"
EndProject
Project("{2150E333-8FDC-42A3-9474-1A3956D46DE8}") = "Frontend", "Frontend", "{4A6ADC6C-6163-4054-8479-64707DED9F1F}"
EndProject
Project("{9A19103F-16F7-4668-BE54-9A1E7A4F7556}") = "SimpleCRM.Web", "Frontend\SimpleCRM.Web\SimpleCRM.Web.csproj", "{A34097A2-A9BB-44A6-B42F-644FE0878D8C}"
EndProject
Global
	GlobalSection(SolutionConfigurationPlatforms) = preSolution
		Debug|Any CPU = Debug|Any CPU
		Release|Any CPU = Release|Any CPU
	EndGlobalSection
	GlobalSection(ProjectConfigurationPlatforms) = postSolution
		{B1C98454-DAC8-4C80-8D8E-7514E8B0BB43}.Debug|Any CPU.ActiveCfg = Debug|Any CPU
		{B1C98454-DAC8-4C80-8D8E-7514E8B0BB43}.Debug|Any CPU.Build.0 = Debug|Any CPU
		{B1C98454-DAC8-4C80-8D8E-7514E8B0BB43}.Release|Any CPU.ActiveCfg = Release|Any CPU
		{B1C98454-DAC8-4C80-8D8E-7514E8B0BB43}.Release|Any CPU.Build.0 = Release|Any CPU
		{409AD1BA-09F4-47A3-82DA-4FCB8E7C42B2}.Debug|Any CPU.ActiveCfg = Debug|Any CPU
		{409AD1BA-09F4-47A3-82DA-4FCB8E7C42B2}.Debug|Any CPU.Build.0 = Debug|Any CPU
		{409AD1BA-09F4-47A3-82DA-4FCB8E7C42B2}.Release|Any CPU.ActiveCfg = Release|Any CPU
		{409AD1BA-09F4-47A3-82DA-4FCB8E7C42B2}.Release|Any CPU.Build.0 = Release|Any CPU
		{D8BE9262-9690-4DEF-92C1-D61922D22E9D}.Debug|Any CPU.ActiveCfg = Debug|Any CPU
		{D8BE9262-9690-4DEF-92C1-D61922D22E9D}.Debug|Any CPU.Build.0 = Debug|Any CPU
		{D8BE9262-9690-4DEF-92C1-D61922D22E9D}.Release|Any CPU.ActiveCfg = Release|Any CPU
		{D8BE9262-9690-4DEF-92C1-D61922D22E9D}.Release|Any CPU.Build.0 = Release|Any CPU
		{50413BE2-362B-4A2F-97D1-DF2DB2B4C279}.Debug|Any CPU.ActiveCfg = Debug|Any CPU
		{50413BE2-362B-4A2F-97D1-DF2DB2B4C279}.Debug|Any CPU.Build.0 = Debug|Any CPU
		{50413BE2-362B-4A2F-97D1-DF2DB2B4C279}.Release|Any CPU.ActiveCfg = Release|Any CPU
		{50413BE2-362B-4A2F-97D1-DF2DB2B4C279}.Release|Any CPU.Build.0 = Release|Any CPU
		{6D06153A-3673-4E81-A6EF-42165DF4E8ED}.Debug|Any CPU.ActiveCfg = Debug|Any CPU
		{6D06153A-3673-4E81-A6EF-42165DF4E8ED}.Debug|Any CPU.Build.0 = Debug|Any CPU
		{6D06153A-3673-4E81-A6EF-42165DF4E8ED}.Release|Any CPU.ActiveCfg = Release|Any CPU
		{6D06153A-3673-4E81-A6EF-42165DF4E8ED}.Release|Any CPU.Build.0 = Release|Any CPU
		{40C3CAC5-BA52-4857-BA97-D63C05456A3E}.Debug|Any CPU.ActiveCfg = Debug|Any CPU
		{40C3CAC5-BA52-4857-BA97-D63C05456A3E}.Debug|Any CPU.Build.0 = Debug|Any CPU
		{40C3CAC5-BA52-4857-BA97-D63C05456A3E}.Release|Any CPU.ActiveCfg = Release|Any CPU
		{40C3CAC5-BA52-4857-BA97-D63C05456A3E}.Release|Any CPU.Build.0 = Release|Any CPU
		{F1DAA75A-00D6-47EE-9ADD-8C6A9B9B651B}.Debug|Any CPU.ActiveCfg = Debug|Any CPU
		{F1DAA75A-00D6-47EE-9ADD-8C6A9B9B651B}.Debug|Any CPU.Build.0 = Debug|Any CPU
		{F1DAA75A-00D6-47EE-9ADD-8C6A9B9B651B}.Release|Any CPU.ActiveCfg = Release|Any CPU
		{F1DAA75A-00D6-47EE-9ADD-8C6A9B9B651B}.Release|Any CPU.Build.0 = Release|Any CPU
		{4E836645-3070-4DD2-B7D0-CE77223189F5}.Debug|Any CPU.ActiveCfg = Debug|Any CPU
		{4E836645-3070-4DD2-B7D0-CE77223189F5}.Debug|Any CPU.Build.0 = Debug|Any CPU
		{4E836645-3070-4DD2-B7D0-CE77223189F5}.Release|Any CPU.ActiveCfg = Release|Any CPU
		{4E836645-3070-4DD2-B7D0-CE77223189F5}.Release|Any CPU.Build.0 = Release|Any CPU
		{FDB1F5B4-E74C-446F-9A17-88A04024289A}.Debug|Any CPU.ActiveCfg = Debug|Any CPU
		{FDB1F5B4-E74C-446F-9A17-88A04024289A}.Debug|Any CPU.Build.0 = Debug|Any CPU
		{FDB1F5B4-E74C-446F-9A17-88A04024289A}.Release|Any CPU.ActiveCfg = Release|Any CPU
		{FDB1F5B4-E74C-446F-9A17-88A04024289A}.Release|Any CPU.Build.0 = Release|Any CPU
		{B7B9D8D9-0E37-452C-85E6-4325688AD08F}.Debug|Any CPU.ActiveCfg = Debug|Any CPU
		{B7B9D8D9-0E37-452C-85E6-4325688AD08F}.Debug|Any CPU.Build.0 = Debug|Any CPU
		{B7B9D8D9-0E37-452C-85E6-4325688AD08F}.Release|Any CPU.ActiveCfg = Release|Any CPU
		{B7B9D8D9-0E37-452C-85E6-4325688AD08F}.Release|Any CPU.Build.0 = Release|Any CPU
		{3C2CC85A-A6DC-4273-8F41-B12AF5F7E8FB}.Debug|Any CPU.ActiveCfg = Debug|Any CPU
		{3C2CC85A-A6DC-4273-8F41-B12AF5F7E8FB}.Debug|Any CPU.Build.0 = Debug|Any CPU
		{3C2CC85A-A6DC-4273-8F41-B12AF5F7E8FB}.Release|Any CPU.ActiveCfg = Release|Any CPU
		{3C2CC85A-A6DC-4273-8F41-B12AF5F7E8FB}.Release|Any CPU.Build.0 = Release|Any CPU
		{17BAD21A-D515-481D-9A24-531E9013CDAF}.Debug|Any CPU.ActiveCfg = Debug|Any CPU
		{17BAD21A-D515-481D-9A24-531E9013CDAF}.Debug|Any CPU.Build.0 = Debug|Any CPU
		{17BAD21A-D515-481D-9A24-531E9013CDAF}.Release|Any CPU.ActiveCfg = Release|Any CPU
		{17BAD21A-D515-481D-9A24-531E9013CDAF}.Release|Any CPU.Build.0 = Release|Any CPU
		{1D186DE3-C1E7-49B0-A5C0-A4F726187743}.Debug|Any CPU.ActiveCfg = Debug|Any CPU
		{1D186DE3-C1E7-49B0-A5C0-A4F726187743}.Debug|Any CPU.Build.0 = Debug|Any CPU
		{1D186DE3-C1E7-49B0-A5C0-A4F726187743}.Release|Any CPU.ActiveCfg = Release|Any CPU
		{1D186DE3-C1E7-49B0-A5C0-A4F726187743}.Release|Any CPU.Build.0 = Release|Any CPU
		{9C8CADB6-0BA1-4E41-926F-7EE2F31F961F}.Debug|Any CPU.ActiveCfg = Debug|Any CPU
		{9C8CADB6-0BA1-4E41-926F-7EE2F31F961F}.Debug|Any CPU.Build.0 = Debug|Any CPU
		{9C8CADB6-0BA1-4E41-926F-7EE2F31F961F}.Release|Any CPU.ActiveCfg = Release|Any CPU
		{9C8CADB6-0BA1-4E41-926F-7EE2F31F961F}.Release|Any CPU.Build.0 = Release|Any CPU
		{438EB20B-85E3-447A-943F-487AB9515215}.Debug|Any CPU.ActiveCfg = Debug|Any CPU
		{438EB20B-85E3-447A-943F-487AB9515215}.Debug|Any CPU.Build.0 = Debug|Any CPU
		{438EB20B-85E3-447A-943F-487AB9515215}.Release|Any CPU.ActiveCfg = Release|Any CPU
		{438EB20B-85E3-447A-943F-487AB9515215}.Release|Any CPU.Build.0 = Release|Any CPU
		{385CEFD5-6C0C-4267-ABA4-D08F213B8BDD}.Debug|Any CPU.ActiveCfg = Debug|Any CPU
		{385CEFD5-6C0C-4267-ABA4-D08F213B8BDD}.Debug|Any CPU.Build.0 = Debug|Any CPU
		{385CEFD5-6C0C-4267-ABA4-D08F213B8BDD}.Release|Any CPU.ActiveCfg = Release|Any CPU
		{385CEFD5-6C0C-4267-ABA4-D08F213B8BDD}.Release|Any CPU.Build.0 = Release|Any CPU
		{6B48D533-03B4-4878-8529-190D52C8EB27}.Debug|Any CPU.ActiveCfg = Debug|Any CPU
		{6B48D533-03B4-4878-8529-190D52C8EB27}.Debug|Any CPU.Build.0 = Debug|Any CPU
		{6B48D533-03B4-4878-8529-190D52C8EB27}.Release|Any CPU.ActiveCfg = Release|Any CPU
		{6B48D533-03B4-4878-8529-190D52C8EB27}.Release|Any CPU.Build.0 = Release|Any CPU
		{85F0A7A0-427B-480B-9328-ADC2287EEFCE}.Debug|Any CPU.ActiveCfg = Debug|Any CPU
		{85F0A7A0-427B-480B-9328-ADC2287EEFCE}.Debug|Any CPU.Build.0 = Debug|Any CPU
		{85F0A7A0-427B-480B-9328-ADC2287EEFCE}.Release|Any CPU.ActiveCfg = Release|Any CPU
		{85F0A7A0-427B-480B-9328-ADC2287EEFCE}.Release|Any CPU.Build.0 = Release|Any CPU
		{673DDD7F-E47B-46A6-8FE7-E88D2CA84E36}.Debug|Any CPU.ActiveCfg = Debug|Any CPU
		{673DDD7F-E47B-46A6-8FE7-E88D2CA84E36}.Debug|Any CPU.Build.0 = Debug|Any CPU
		{673DDD7F-E47B-46A6-8FE7-E88D2CA84E36}.Release|Any CPU.ActiveCfg = Release|Any CPU
		{673DDD7F-E47B-46A6-8FE7-E88D2CA84E36}.Release|Any CPU.Build.0 = Release|Any CPU
		{BC6797A5-0E9F-417F-A63E-2E67FC11CD11}.Debug|Any CPU.ActiveCfg = Debug|Any CPU
		{BC6797A5-0E9F-417F-A63E-2E67FC11CD11}.Debug|Any CPU.Build.0 = Debug|Any CPU
		{BC6797A5-0E9F-417F-A63E-2E67FC11CD11}.Release|Any CPU.ActiveCfg = Release|Any CPU
		{BC6797A5-0E9F-417F-A63E-2E67FC11CD11}.Release|Any CPU.Build.0 = Release|Any CPU
		{1236331B-EE58-4FE8-85F9-6CE01BFA8785}.Debug|Any CPU.ActiveCfg = Debug|Any CPU
		{1236331B-EE58-4FE8-85F9-6CE01BFA8785}.Debug|Any CPU.Build.0 = Debug|Any CPU
		{1236331B-EE58-4FE8-85F9-6CE01BFA8785}.Release|Any CPU.ActiveCfg = Release|Any CPU
		{1236331B-EE58-4FE8-85F9-6CE01BFA8785}.Release|Any CPU.Build.0 = Release|Any CPU
		{147C5188-DC59-479B-A406-A49379BCCFEB}.Debug|Any CPU.ActiveCfg = Debug|Any CPU
		{147C5188-DC59-479B-A406-A49379BCCFEB}.Debug|Any CPU.Build.0 = Debug|Any CPU
		{147C5188-DC59-479B-A406-A49379BCCFEB}.Release|Any CPU.ActiveCfg = Release|Any CPU
		{147C5188-DC59-479B-A406-A49379BCCFEB}.Release|Any CPU.Build.0 = Release|Any CPU
		{961A79C3-CB12-4136-BE5F-A018124D4F2B}.Debug|Any CPU.ActiveCfg = Debug|Any CPU
		{961A79C3-CB12-4136-BE5F-A018124D4F2B}.Debug|Any CPU.Build.0 = Debug|Any CPU
		{961A79C3-CB12-4136-BE5F-A018124D4F2B}.Release|Any CPU.ActiveCfg = Release|Any CPU
		{961A79C3-CB12-4136-BE5F-A018124D4F2B}.Release|Any CPU.Build.0 = Release|Any CPU
		{8CF5E511-ECF6-4FF6-9931-CBCC9E8DC593}.Debug|Any CPU.ActiveCfg = Debug|Any CPU
		{8CF5E511-ECF6-4FF6-9931-CBCC9E8DC593}.Debug|Any CPU.Build.0 = Debug|Any CPU
		{8CF5E511-ECF6-4FF6-9931-CBCC9E8DC593}.Release|Any CPU.ActiveCfg = Release|Any CPU
		{8CF5E511-ECF6-4FF6-9931-CBCC9E8DC593}.Release|Any CPU.Build.0 = Release|Any CPU
		{1A2EF359-388E-433E-AF45-7D1B2BFE03EC}.Debug|Any CPU.ActiveCfg = Debug|Any CPU
		{1A2EF359-388E-433E-AF45-7D1B2BFE03EC}.Debug|Any CPU.Build.0 = Debug|Any CPU
		{1A2EF359-388E-433E-AF45-7D1B2BFE03EC}.Release|Any CPU.ActiveCfg = Release|Any CPU
		{1A2EF359-388E-433E-AF45-7D1B2BFE03EC}.Release|Any CPU.Build.0 = Release|Any CPU
		{E3F683DB-4F84-4946-BF0E-E67FC645586B}.Debug|Any CPU.ActiveCfg = Debug|Any CPU
		{E3F683DB-4F84-4946-BF0E-E67FC645586B}.Debug|Any CPU.Build.0 = Debug|Any CPU
		{E3F683DB-4F84-4946-BF0E-E67FC645586B}.Release|Any CPU.ActiveCfg = Release|Any CPU
		{E3F683DB-4F84-4946-BF0E-E67FC645586B}.Release|Any CPU.Build.0 = Release|Any CPU
		{C260592C-4CEC-4CE7-A35F-388C91A5AFE5}.Debug|Any CPU.ActiveCfg = Debug|Any CPU
		{C260592C-4CEC-4CE7-A35F-388C91A5AFE5}.Debug|Any CPU.Build.0 = Debug|Any CPU
		{C260592C-4CEC-4CE7-A35F-388C91A5AFE5}.Release|Any CPU.ActiveCfg = Release|Any CPU
		{C260592C-4CEC-4CE7-A35F-388C91A5AFE5}.Release|Any CPU.Build.0 = Release|Any CPU
		{A34097A2-A9BB-44A6-B42F-644FE0878D8C}.Debug|Any CPU.ActiveCfg = Debug|Any CPU
		{A34097A2-A9BB-44A6-B42F-644FE0878D8C}.Debug|Any CPU.Build.0 = Debug|Any CPU
		{A34097A2-A9BB-44A6-B42F-644FE0878D8C}.Release|Any CPU.ActiveCfg = Release|Any CPU
		{A34097A2-A9BB-44A6-B42F-644FE0878D8C}.Release|Any CPU.Build.0 = Release|Any CPU
	EndGlobalSection
	GlobalSection(SolutionProperties) = preSolution
		HideSolutionNode = FALSE
	EndGlobalSection
	GlobalSection(NestedProjects) = preSolution
		{2A1D13F2-3E26-4381-BC92-7C732F69D87C} = {CBDC9178-16D1-4131-942E-9C6E544B9241}
		{8C684B87-547F-4B12-9240-87A3AADFF685} = {CBDC9178-16D1-4131-942E-9C6E544B9241}
		{9EEC81C3-B4D2-4CB0-B63E-A91B088DDF76} = {CBDC9178-16D1-4131-942E-9C6E544B9241}
		{B1C98454-DAC8-4C80-8D8E-7514E8B0BB43} = {8C684B87-547F-4B12-9240-87A3AADFF685}
		{409AD1BA-09F4-47A3-82DA-4FCB8E7C42B2} = {8C684B87-547F-4B12-9240-87A3AADFF685}
		{D8BE9262-9690-4DEF-92C1-D61922D22E9D} = {8C684B87-547F-4B12-9240-87A3AADFF685}
		{50413BE2-362B-4A2F-97D1-DF2DB2B4C279} = {8C684B87-547F-4B12-9240-87A3AADFF685}
		{6D06153A-3673-4E81-A6EF-42165DF4E8ED} = {2A1D13F2-3E26-4381-BC92-7C732F69D87C}
		{40C3CAC5-BA52-4857-BA97-D63C05456A3E} = {2A1D13F2-3E26-4381-BC92-7C732F69D87C}
		{F1DAA75A-00D6-47EE-9ADD-8C6A9B9B651B} = {2A1D13F2-3E26-4381-BC92-7C732F69D87C}
		{4E836645-3070-4DD2-B7D0-CE77223189F5} = {2A1D13F2-3E26-4381-BC92-7C732F69D87C}
		{B5AEB0EB-6768-48CF-8C80-7FCE96B9636C} = {CBDC9178-16D1-4131-942E-9C6E544B9241}
		{FDB1F5B4-E74C-446F-9A17-88A04024289A} = {B5AEB0EB-6768-48CF-8C80-7FCE96B9636C}
		{B7B9D8D9-0E37-452C-85E6-4325688AD08F} = {B5AEB0EB-6768-48CF-8C80-7FCE96B9636C}
		{3C2CC85A-A6DC-4273-8F41-B12AF5F7E8FB} = {B5AEB0EB-6768-48CF-8C80-7FCE96B9636C}
		{17BAD21A-D515-481D-9A24-531E9013CDAF} = {B5AEB0EB-6768-48CF-8C80-7FCE96B9636C}
		{1D186DE3-C1E7-49B0-A5C0-A4F726187743} = {042C8198-A1ED-4D29-AD4B-3C03B859DC32}
		{9C8CADB6-0BA1-4E41-926F-7EE2F31F961F} = {9F8A1E56-FD2E-4164-B460-81FEE8577EB4}
		{438EB20B-85E3-447A-943F-487AB9515215} = {9F8A1E56-FD2E-4164-B460-81FEE8577EB4}
		{385CEFD5-6C0C-4267-ABA4-D08F213B8BDD} = {042C8198-A1ED-4D29-AD4B-3C03B859DC32}
		{6B48D533-03B4-4878-8529-190D52C8EB27} = {9EEC81C3-B4D2-4CB0-B63E-A91B088DDF76}
		{85F0A7A0-427B-480B-9328-ADC2287EEFCE} = {9EEC81C3-B4D2-4CB0-B63E-A91B088DDF76}
		{673DDD7F-E47B-46A6-8FE7-E88D2CA84E36} = {9EEC81C3-B4D2-4CB0-B63E-A91B088DDF76}
		{BC6797A5-0E9F-417F-A63E-2E67FC11CD11} = {9EEC81C3-B4D2-4CB0-B63E-A91B088DDF76}
		{1236331B-EE58-4FE8-85F9-6CE01BFA8785} = {042C8198-A1ED-4D29-AD4B-3C03B859DC32}
		{147C5188-DC59-479B-A406-A49379BCCFEB} = {042C8198-A1ED-4D29-AD4B-3C03B859DC32}
		{961A79C3-CB12-4136-BE5F-A018124D4F2B} = {728EFF25-D160-4139-B139-00168FEFF14C}
		{B6C45F93-9C2A-46FD-8FC8-93F230E11522} = {CBDC9178-16D1-4131-942E-9C6E544B9241}
		{8CF5E511-ECF6-4FF6-9931-CBCC9E8DC593} = {B6C45F93-9C2A-46FD-8FC8-93F230E11522}
		{1A2EF359-388E-433E-AF45-7D1B2BFE03EC} = {B6C45F93-9C2A-46FD-8FC8-93F230E11522}
		{E3F683DB-4F84-4946-BF0E-E67FC645586B} = {B6C45F93-9C2A-46FD-8FC8-93F230E11522}
		{C260592C-4CEC-4CE7-A35F-388C91A5AFE5} = {B6C45F93-9C2A-46FD-8FC8-93F230E11522}
		{A34097A2-A9BB-44A6-B42F-644FE0878D8C} = {4A6ADC6C-6163-4054-8479-64707DED9F1F}
	EndGlobalSection
	GlobalSection(ExtensibilityGlobals) = postSolution
		SolutionGuid = {4D75DA06-91B1-4306-AB0D-A9D2F643E1BB}
	EndGlobalSection
EndGlobal
