
Microsoft Visual Studio Solution File, Format Version 12.00
# Visual Studio 15
VisualStudioVersion = 15.0.28307.168
MinimumVisualStudioVersion = 10.0.40219.1
Project("{FAE04EC0-301F-11D3-BF4B-00C04F79EFBC}") = "SimpleCRM.Web", "SimpleCRM.Web\SimpleCRM.Web.csproj", "{82A0CC90-8AFF-4339-A5B7-43088E70D89F}"
EndProject
Global
	GlobalSection(SolutionConfigurationPlatforms) = preSolution
		Debug|Any CPU = Debug|Any CPU
		Release|Any CPU = Release|Any CPU
	EndGlobalSection
	GlobalSection(ProjectConfigurationPlatforms) = postSolution
		{82A0CC90-8AFF-4339-A5B7-43088E70D89F}.Debug|Any CPU.ActiveCfg = Debug|Any CPU
		{82A0CC90-8AFF-4339-A5B7-43088E70D89F}.Debug|Any CPU.Build.0 = Debug|Any CPU
		{82A0CC90-8AFF-4339-A5B7-43088E70D89F}.Release|Any CPU.ActiveCfg = Release|Any CPU
		{82A0CC90-8AFF-4339-A5B7-43088E70D89F}.Release|Any CPU.Build.0 = Release|Any CPU
	EndGlobalSection
	GlobalSection(SolutionProperties) = preSolution
		HideSolutionNode = FALSE
	EndGlobalSection
	GlobalSection(ExtensibilityGlobals) = postSolution
		SolutionGuid = {4D75DA06-91B1-4306-AB0D-A9D2F643E1BB}
	EndGlobalSection
EndGlobal
